{
  "name": "ucanto-compat-js",
  "version": "0.0.0",
  "lockfileVersion": 3,
  "requires": true,
  "packages": {
    "": {
      "name": "ucanto-compat-js",
      "version": "0.0.0",
      "license": "Apache-2.0 OR MIT",
      "dependencies": {
        "@ipld/dag-json": "^10.2.2",
        "@ucanto/principal": "^9.0.1",
        "@ucanto/server": "^10.0.0",
        "@ucanto/transport": "^9.1.1",
        "sade": "^1.8.1"
      }
    },
    "node_modules/@ipld/car": {
      "version": "5.3.2",
      "resolved": "https://registry.npmjs.org/@ipld/car/-/car-5.3.2.tgz",
      "integrity": "sha512-Bb4XrCFlnsCb9tTzZ1I8zo9O61D9qm7HfvuYrQ9gzdE8YhjyVIjrjmHmnoSWV/uCmyc2/bcqiDPIg+9WljXNzg==",
      "dependencies": {
        "@ipld/dag-cbor": "^9.0.7",
        "cborg": "^4.0.5",
        "multiformats": "^13.0.0",
        "varint": "^6.0.0"
      },
      "engines": {
        "node": ">=16.0.0",
        "npm": ">=7.0.0"
      }
    },
    "node_modules/@ipld/dag-cbor": {
      "version": "9.2.1",
      "resolved": "https://registry.npmjs.org/@ipld/dag-cbor/-/dag-cbor-9.2.1.tgz",
      "integrity": "sha512-nyY48yE7r3dnJVlxrdaimrbloh4RokQaNRdI//btfTkcTEZbpmSrbYcBQ4VKTf8ZxXAOUJy4VsRpkJo+y9RTnA==",
      "dependencies": {
        "cborg": "^4.0.0",
        "multiformats": "^13.1.0"
      },
      "engines": {
        "node": ">=16.0.0",
        "npm": ">=7.0.0"
      }
    },
    "node_modules/@ipld/dag-json": {
      "version": "10.2.2",
      "resolved": "https://registry.npmjs.org/@ipld/dag-json/-/dag-json-10.2.2.tgz",
      "integrity": "sha512-NnU8HdHKwAoGyrW3S09NMa8aZw0tImLRyR64hoafpLpDpAbA9g1+fb24JsdlugbL4sXUQVwDVA+qK4Ud8V83lA==",
      "dependencies": {
        "cborg": "^4.0.0",
        "multiformats": "^13.1.0"
      },
      "engines": {
        "node": ">=16.0.0",
        "npm": ">=7.0.0"
      }
    },
    "node_modules/@ipld/dag-ucan": {
      "version": "3.4.0",
      "resolved": "https://registry.npmjs.org/@ipld/dag-ucan/-/dag-ucan-3.4.0.tgz",
      "integrity": "sha512-sW4R43w3DbEdoGWWJZCwsblwXa600HCanG9p2w1MJPVBNTNjhvqc3XI0uEqKhT2oqKWrND7uInVtcPmZme7hhA==",
      "dependencies": {
        "@ipld/dag-cbor": "^9.0.0",
        "@ipld/dag-json": "^10.0.0",
        "multiformats": "^11.0.0"
      }
    },
    "node_modules/@ipld/dag-ucan/node_modules/multiformats": {
      "version": "11.0.2",
      "resolved": "https://registry.npmjs.org/multiformats/-/multiformats-11.0.2.tgz",
      "integrity": "sha512-b5mYMkOkARIuVZCpvijFj9a6m5wMVLC7cf/jIPd5D/ARDOfLC5+IFkbgDXQgcU2goIsTD/O9NY4DI/Mt4OGvlg==",
      "engines": {
        "node": ">=16.0.0",
        "npm": ">=7.0.0"
      }
    },
    "node_modules/@noble/curves": {
      "version": "1.5.0",
      "resolved": "https://registry.npmjs.org/@noble/curves/-/curves-1.5.0.tgz",
      "integrity": "sha512-J5EKamIHnKPyClwVrzmaf5wSdQXgdHcPZIZLu3bwnbeCx8/7NPK5q2ZBWF+5FvYGByjiQQsJYX6jfgB2wDPn3A==",
      "dependencies": {
        "@noble/hashes": "1.4.0"
      },
      "funding": {
        "url": "https://paulmillr.com/funding/"
      }
    },
    "node_modules/@noble/ed25519": {
      "version": "1.7.3",
      "resolved": "https://registry.npmjs.org/@noble/ed25519/-/ed25519-1.7.3.tgz",
      "integrity": "sha512-iR8GBkDt0Q3GyaVcIu7mSsVIqnFbkbRzGLWlvhwunacoLwt4J3swfKhfaM6rN6WY+TBGoYT1GtT1mIh2/jGbRQ==",
      "funding": [
        {
          "type": "individual",
          "url": "https://paulmillr.com/funding/"
        }
      ]
    },
    "node_modules/@noble/hashes": {
      "version": "1.4.0",
      "resolved": "https://registry.npmjs.org/@noble/hashes/-/hashes-1.4.0.tgz",
      "integrity": "sha512-V1JJ1WTRUqHHrOSh597hURcMqVKVGL/ea3kv0gSnEdsEZ0/+VyPghM1lMNGc00z7CIQorSvbKpuJkxvuHbvdbg==",
      "engines": {
        "node": ">= 16"
      },
      "funding": {
        "url": "https://paulmillr.com/funding/"
      }
    },
    "node_modules/@ucanto/core": {
      "version": "10.0.1",
      "resolved": "https://registry.npmjs.org/@ucanto/core/-/core-10.0.1.tgz",
      "integrity": "sha512-1BfUaJu0/c9Rl/WdZSDbScJJLsPsPe1g4ynl5kubUj3xDD/lyp/Q12PQVQ2X7hDiWwkpwmxCkRMkOxwc70iNKQ==",
      "dependencies": {
        "@ipld/car": "^5.1.0",
        "@ipld/dag-cbor": "^9.0.0",
        "@ipld/dag-ucan": "^3.4.0",
        "@ucanto/interface": "^10.0.1",
        "multiformats": "^11.0.2"
      }
    },
    "node_modules/@ucanto/core/node_modules/multiformats": {
      "version": "11.0.2",
      "resolved": "https://registry.npmjs.org/multiformats/-/multiformats-11.0.2.tgz",
      "integrity": "sha512-b5mYMkOkARIuVZCpvijFj9a6m5wMVLC7cf/jIPd5D/ARDOfLC5+IFkbgDXQgcU2goIsTD/O9NY4DI/Mt4OGvlg==",
      "engines": {
        "node": ">=16.0.0",
        "npm": ">=7.0.0"
      }
    },
    "node_modules/@ucanto/interface": {
      "version": "10.0.1",
      "resolved": "https://registry.npmjs.org/@ucanto/interface/-/interface-10.0.1.tgz",
      "integrity": "sha512-+Vr/N4mLsdynV9/bqtdFiq7WsUf3265/Qx2aHJmPtXo9/QvWKthJtpe0g8U4NWkWpVfqIFvyAO2db6D9zWQfQw==",
      "dependencies": {
        "@ipld/dag-ucan": "^3.4.0",
        "multiformats": "^11.0.2"
      }
    },
    "node_modules/@ucanto/interface/node_modules/multiformats": {
      "version": "11.0.2",
      "resolved": "https://registry.npmjs.org/multiformats/-/multiformats-11.0.2.tgz",
      "integrity": "sha512-b5mYMkOkARIuVZCpvijFj9a6m5wMVLC7cf/jIPd5D/ARDOfLC5+IFkbgDXQgcU2goIsTD/O9NY4DI/Mt4OGvlg==",
      "engines": {
        "node": ">=16.0.0",
        "npm": ">=7.0.0"
      }
    },
    "node_modules/@ucanto/principal": {
      "version": "9.0.1",
      "resolved": "https://registry.npmjs.org/@ucanto/principal/-/principal-9.0.1.tgz",
      "integrity": "sha512-8eAvaZHW1vyET4X90rkJv6pmW1IOdEYlZYwO3wDgTkC5m9VytBEywCvpzP57cavdYIbbPse5QS9nMEGvk87zhw==",
      "dependencies": {
        "@ipld/dag-ucan": "^3.4.0",
        "@noble/curves": "^1.2.0",
        "@noble/ed25519": "^1.7.3",
        "@noble/hashes": "^1.3.2",
        "@ucanto/interface": "^10.0.0",
        "multiformats": "^11.0.2",
        "one-webcrypto": "^1.0.3"
      }
    },
    "node_modules/@ucanto/principal/node_modules/multiformats": {
      "version": "11.0.2",
      "resolved": "https://registry.npmjs.org/multiformats/-/multiformats-11.0.2.tgz",
      "integrity": "sha512-b5mYMkOkARIuVZCpvijFj9a6m5wMVLC7cf/jIPd5D/ARDOfLC5+IFkbgDXQgcU2goIsTD/O9NY4DI/Mt4OGvlg==",
      "engines": {
        "node": ">=16.0.0",
        "npm": ">=7.0.0"
      }
    },
    "node_modules/@ucanto/server": {
      "version": "10.0.0",
      "resolved": "https://registry.npmjs.org/@ucanto/server/-/server-10.0.0.tgz",
      "integrity": "sha512-JMDMT3tFRE0S1cdtx/Hhh7v9FizV6IS0fPrh6pcli7AzKvXVy8Xu6EQ/66Fax4AQM2tkGxNNxjj2wHM7P4CqAg==",
      "dependencies": {
        "@ucanto/core": "^10.0.0",
        "@ucanto/interface": "^10.0.0",
        "@ucanto/principal": "^9.0.0",
        "@ucanto/validator": "^9.0.1"
      }
    },
    "node_modules/@ucanto/transport": {
      "version": "9.1.1",
      "resolved": "https://registry.npmjs.org/@ucanto/transport/-/transport-9.1.1.tgz",
      "integrity": "sha512-3CR17nEemOVaTuMZa6waWgVL4sLxSPcxYvpaNeJ6NZo1rfsqdyRXOtbVV/RcI2BtUL0Cao6JM6P9+gdghfc5ng==",
      "dependencies": {
        "@ucanto/core": "^10.0.0",
        "@ucanto/interface": "^10.0.0"
      }
    },
    "node_modules/@ucanto/validator": {
      "version": "9.0.2",
      "resolved": "https://registry.npmjs.org/@ucanto/validator/-/validator-9.0.2.tgz",
      "integrity": "sha512-LxhRbDMIoLt9LYHq/Rz1WCEH8AtmdsBTS/it28Ij/A3W0zyoSwUpAUxBtXaKRh/gpbxdWmjxX+nVfFJYL//b4g==",
      "dependencies": {
        "@ipld/car": "^5.1.0",
        "@ipld/dag-cbor": "^9.0.0",
        "@ucanto/core": "^10.0.0",
        "@ucanto/interface": "^10.0.0",
        "multiformats": "^11.0.2"
      }
    },
    "node_modules/@ucanto/validator/node_modules/multiformats": {
      "version": "11.0.2",
      "resolved": "https://registry.npmjs.org/multiformats/-/multiformats-11.0.2.tgz",
      "integrity": "sha512-b5mYMkOkARIuVZCpvijFj9a6m5wMVLC7cf/jIPd5D/ARDOfLC5+IFkbgDXQgcU2goIsTD/O9NY4DI/Mt4OGvlg==",
      "engines": {
        "node": ">=16.0.0",
        "npm": ">=7.0.0"
      }
    },
    "node_modules/cborg": {
      "version": "4.2.3",
      "resolved": "https://registry.npmjs.org/cborg/-/cborg-4.2.3.tgz",
      "integrity": "sha512-XBFbEJ6WMfn9L7woc2t+EzOxF8vGqddoopKBbrhIvZBt2WIUgSlT8xLmM6Aq1xv8eWt4yOSjwxWjYeuHU3CpJA==",
      "bin": {
        "cborg": "lib/bin.js"
      }
    },
    "node_modules/mri": {
      "version": "1.2.0",
      "resolved": "https://registry.npmjs.org/mri/-/mri-1.2.0.tgz",
      "integrity": "sha512-tzzskb3bG8LvYGFF/mDTpq3jpI6Q9wc3LEmBaghu+DdCssd1FakN7Bc0hVNmEyGq1bq3RgfkCb3cmQLpNPOroA==",
      "engines": {
        "node": ">=4"
      }
    },
    "node_modules/multiformats": {
      "version": "13.2.2",
      "resolved": "https://registry.npmjs.org/multiformats/-/multiformats-13.2.2.tgz",
      "integrity": "sha512-RWI+nyf0q64vyOxL8LbKtjJMki0sogRL/8axvklNtiTM0iFCVtHwME9w6+0P1/v4dQvsIg8A45oT3ka1t/M/+A=="
    },
    "node_modules/one-webcrypto": {
      "version": "1.0.3",
      "resolved": "https://registry.npmjs.org/one-webcrypto/-/one-webcrypto-1.0.3.tgz",
      "integrity": "sha512-fu9ywBVBPx0gS9K0etIROTiCkvI5S1TDjFsYFb3rC1ewFxeOqsbzq7aIMBHsYfrTHBcGXJaONXXjTl8B01cW1Q=="
    },
    "node_modules/sade": {
      "version": "1.8.1",
      "resolved": "https://registry.npmjs.org/sade/-/sade-1.8.1.tgz",
      "integrity": "sha512-xal3CZX1Xlo/k4ApwCFrHVACi9fBqJ7V+mwhBsuf/1IOKbBy098Fex+Wa/5QMubw09pSZ/u8EY8PWgevJsXp1A==",
      "dependencies": {
        "mri": "^1.1.0"
      },
      "engines": {
        "node": ">=6"
      }
    },
    "node_modules/varint": {
      "version": "6.0.0",
      "resolved": "https://registry.npmjs.org/varint/-/varint-6.0.0.tgz",
      "integrity": "sha512-cXEIW6cfr15lFv563k4GuVuW/fiwjknytD37jIOLSdSWuOI6WnO/oKwmP2FQTU2l01LP8/M5TSAJpzUaGe3uWg=="
    }
  }
}
