{
  "name": "ucanto-compat",
  "version": "0.0.0",
  "lockfileVersion": 3,
  "requires": true,
  "packages": {
    "": {
      "name": "ucanto-compat",
      "version": "0.0.0",
      "license": "Apache-2.0 OR MIT",
      "dependencies": {
        "@ipld/dag-json": "^10.2.2",
        "@ipld/dag-ucan": "^3.4.0",
        "@ucanto/principal": "^9.0.1",
        "@ucanto/transport": "^9.1.1",
        "entail": "^2.1.2",
        "execa": "^9.3.0",
        "multiformats": "^13.2.2",
        "p-defer": "^4.0.1",
        "sade": "^1.8.1"
      },
      "devDependencies": {
        "@types/node": "^22.1.0",
        "typescript": "^5.5.4"
      }
    },
    "node_modules/@ipld/car": {
      "version": "5.3.2",
      "resolved": "https://registry.npmjs.org/@ipld/car/-/car-5.3.2.tgz",
      "integrity": "sha512-Bb4XrCFlnsCb9tTzZ1I8zo9O61D9qm7HfvuYrQ9gzdE8YhjyVIjrjmHmnoSWV/uCmyc2/bcqiDPIg+9WljXNzg==",
      "license": "Apache-2.0 OR MIT",
      "dependencies": {
        "@ipld/dag-cbor": "^9.0.7",
        "cborg": "^4.0.5",
        "multiformats": "^13.0.0",
        "varint": "^6.0.0"
      },
      "engines": {
        "node": ">=16.0.0",
        "npm": ">=7.0.0"
      }
    },
    "node_modules/@ipld/dag-cbor": {
      "version": "9.2.1",
      "resolved": "https://registry.npmjs.org/@ipld/dag-cbor/-/dag-cbor-9.2.1.tgz",
      "integrity": "sha512-nyY48yE7r3dnJVlxrdaimrbloh4RokQaNRdI//btfTkcTEZbpmSrbYcBQ4VKTf8ZxXAOUJy4VsRpkJo+y9RTnA==",
      "dependencies": {
        "cborg": "^4.0.0",
        "multiformats": "^13.1.0"
      },
      "engines": {
        "node": ">=16.0.0",
        "npm": ">=7.0.0"
      }
    },
    "node_modules/@ipld/dag-json": {
      "version": "10.2.2",
      "resolved": "https://registry.npmjs.org/@ipld/dag-json/-/dag-json-10.2.2.tgz",
      "integrity": "sha512-NnU8HdHKwAoGyrW3S09NMa8aZw0tImLRyR64hoafpLpDpAbA9g1+fb24JsdlugbL4sXUQVwDVA+qK4Ud8V83lA==",
      "dependencies": {
        "cborg": "^4.0.0",
        "multiformats": "^13.1.0"
      },
      "engines": {
        "node": ">=16.0.0",
        "npm": ">=7.0.0"
      }
    },
    "node_modules/@ipld/dag-ucan": {
      "version": "3.4.0",
      "resolved": "https://registry.npmjs.org/@ipld/dag-ucan/-/dag-ucan-3.4.0.tgz",
      "integrity": "sha512-sW4R43w3DbEdoGWWJZCwsblwXa600HCanG9p2w1MJPVBNTNjhvqc3XI0uEqKhT2oqKWrND7uInVtcPmZme7hhA==",
      "dependencies": {
        "@ipld/dag-cbor": "^9.0.0",
        "@ipld/dag-json": "^10.0.0",
        "multiformats": "^11.0.0"
      }
    },
    "node_modules/@ipld/dag-ucan/node_modules/multiformats": {
      "version": "11.0.2",
      "resolved": "https://registry.npmjs.org/multiformats/-/multiformats-11.0.2.tgz",
      "integrity": "sha512-b5mYMkOkARIuVZCpvijFj9a6m5wMVLC7cf/jIPd5D/ARDOfLC5+IFkbgDXQgcU2goIsTD/O9NY4DI/Mt4OGvlg==",
      "engines": {
        "node": ">=16.0.0",
        "npm": ">=7.0.0"
      }
    },
    "node_modules/@noble/curves": {
      "version": "1.5.0",
      "resolved": "https://registry.npmjs.org/@noble/curves/-/curves-1.5.0.tgz",
      "integrity": "sha512-J5EKamIHnKPyClwVrzmaf5wSdQXgdHcPZIZLu3bwnbeCx8/7NPK5q2ZBWF+5FvYGByjiQQsJYX6jfgB2wDPn3A==",
      "dependencies": {
        "@noble/hashes": "1.4.0"
      },
      "funding": {
        "url": "https://paulmillr.com/funding/"
      }
    },
    "node_modules/@noble/ed25519": {
      "version": "1.7.3",
      "resolved": "https://registry.npmjs.org/@noble/ed25519/-/ed25519-1.7.3.tgz",
      "integrity": "sha512-iR8GBkDt0Q3GyaVcIu7mSsVIqnFbkbRzGLWlvhwunacoLwt4J3swfKhfaM6rN6WY+TBGoYT1GtT1mIh2/jGbRQ==",
      "funding": [
        {
          "type": "individual",
          "url": "https://paulmillr.com/funding/"
        }
      ]
    },
    "node_modules/@noble/hashes": {
      "version": "1.4.0",
      "resolved": "https://registry.npmjs.org/@noble/hashes/-/hashes-1.4.0.tgz",
      "integrity": "sha512-V1JJ1WTRUqHHrOSh597hURcMqVKVGL/ea3kv0gSnEdsEZ0/+VyPghM1lMNGc00z7CIQorSvbKpuJkxvuHbvdbg==",
      "engines": {
        "node": ">= 16"
      },
      "funding": {
        "url": "https://paulmillr.com/funding/"
      }
    },
    "node_modules/@nodelib/fs.scandir": {
      "version": "2.1.5",
      "resolved": "https://registry.npmjs.org/@nodelib/fs.scandir/-/fs.scandir-2.1.5.tgz",
      "integrity": "sha512-vq24Bq3ym5HEQm2NKCr3yXDwjc7vTsEThRDnkp2DK9p1uqLR+DHurm/NOTo0KG7HYHU7eppKZj3MyqYuMBf62g==",
      "dependencies": {
        "@nodelib/fs.stat": "2.0.5",
        "run-parallel": "^1.1.9"
      },
      "engines": {
        "node": ">= 8"
      }
    },
    "node_modules/@nodelib/fs.stat": {
      "version": "2.0.5",
      "resolved": "https://registry.npmjs.org/@nodelib/fs.stat/-/fs.stat-2.0.5.tgz",
      "integrity": "sha512-RkhPPp2zrqDAQA/2jNhnztcPAlv64XdhIp7a7454A5ovI7Bukxgt7MX7udwAu3zg1DcpPU0rz3VV1SeaqvY4+A==",
      "engines": {
        "node": ">= 8"
      }
    },
    "node_modules/@nodelib/fs.walk": {
      "version": "1.2.8",
      "resolved": "https://registry.npmjs.org/@nodelib/fs.walk/-/fs.walk-1.2.8.tgz",
      "integrity": "sha512-oGB+UxlgWcgQkgwo8GcEGwemoTFt3FIO9ababBmaGwXIoBKZ+GTy0pP185beGg7Llih/NSHSV2XAs1lnznocSg==",
      "dependencies": {
        "@nodelib/fs.scandir": "2.1.5",
        "fastq": "^1.6.0"
      },
      "engines": {
        "node": ">= 8"
      }
    },
    "node_modules/@sec-ant/readable-stream": {
      "version": "0.4.1",
      "resolved": "https://registry.npmjs.org/@sec-ant/readable-stream/-/readable-stream-0.4.1.tgz",
      "integrity": "sha512-831qok9r2t8AlxLko40y2ebgSDhenenCatLVeW/uBtnHPyhHOvG0C7TvfgecV+wHzIm5KUICgzmVpWS+IMEAeg=="
    },
    "node_modules/@sindresorhus/merge-streams": {
      "version": "4.0.0",
      "resolved": "https://registry.npmjs.org/@sindresorhus/merge-streams/-/merge-streams-4.0.0.tgz",
      "integrity": "sha512-tlqY9xq5ukxTUZBmoOp+m61cqwQD5pHJtFY3Mn8CA8ps6yghLH/Hw8UPdqg4OLmFW3IFlcXnQNmo/dh8HzXYIQ==",
      "engines": {
        "node": ">=18"
      },
      "funding": {
        "url": "https://github.com/sponsors/sindresorhus"
      }
    },
    "node_modules/@types/node": {
      "version": "22.1.0",
      "resolved": "https://registry.npmjs.org/@types/node/-/node-22.1.0.tgz",
      "integrity": "sha512-AOmuRF0R2/5j1knA3c6G3HOk523Ga+l+ZXltX8SF1+5oqcXijjfTd8fY3XRZqSihEu9XhtQnKYLmkFaoxgsJHw==",
      "dev": true,
      "dependencies": {
        "undici-types": "~6.13.0"
      }
    },
    "node_modules/@ucanto/core": {
      "version": "10.0.1",
      "resolved": "https://registry.npmjs.org/@ucanto/core/-/core-10.0.1.tgz",
      "integrity": "sha512-1BfUaJu0/c9Rl/WdZSDbScJJLsPsPe1g4ynl5kubUj3xDD/lyp/Q12PQVQ2X7hDiWwkpwmxCkRMkOxwc70iNKQ==",
      "license": "(Apache-2.0 AND MIT)",
      "dependencies": {
        "@ipld/car": "^5.1.0",
        "@ipld/dag-cbor": "^9.0.0",
        "@ipld/dag-ucan": "^3.4.0",
        "@ucanto/interface": "^10.0.1",
        "multiformats": "^11.0.2"
      }
    },
    "node_modules/@ucanto/core/node_modules/multiformats": {
      "version": "11.0.2",
      "resolved": "https://registry.npmjs.org/multiformats/-/multiformats-11.0.2.tgz",
      "integrity": "sha512-b5mYMkOkARIuVZCpvijFj9a6m5wMVLC7cf/jIPd5D/ARDOfLC5+IFkbgDXQgcU2goIsTD/O9NY4DI/Mt4OGvlg==",
      "license": "Apache-2.0 OR MIT",
      "engines": {
        "node": ">=16.0.0",
        "npm": ">=7.0.0"
      }
    },
    "node_modules/@ucanto/interface": {
      "version": "10.0.1",
      "resolved": "https://registry.npmjs.org/@ucanto/interface/-/interface-10.0.1.tgz",
      "integrity": "sha512-+Vr/N4mLsdynV9/bqtdFiq7WsUf3265/Qx2aHJmPtXo9/QvWKthJtpe0g8U4NWkWpVfqIFvyAO2db6D9zWQfQw==",
      "dependencies": {
        "@ipld/dag-ucan": "^3.4.0",
        "multiformats": "^11.0.2"
      }
    },
    "node_modules/@ucanto/interface/node_modules/multiformats": {
      "version": "11.0.2",
      "resolved": "https://registry.npmjs.org/multiformats/-/multiformats-11.0.2.tgz",
      "integrity": "sha512-b5mYMkOkARIuVZCpvijFj9a6m5wMVLC7cf/jIPd5D/ARDOfLC5+IFkbgDXQgcU2goIsTD/O9NY4DI/Mt4OGvlg==",
      "engines": {
        "node": ">=16.0.0",
        "npm": ">=7.0.0"
      }
    },
    "node_modules/@ucanto/principal": {
      "version": "9.0.1",
      "resolved": "https://registry.npmjs.org/@ucanto/principal/-/principal-9.0.1.tgz",
      "integrity": "sha512-8eAvaZHW1vyET4X90rkJv6pmW1IOdEYlZYwO3wDgTkC5m9VytBEywCvpzP57cavdYIbbPse5QS9nMEGvk87zhw==",
      "dependencies": {
        "@ipld/dag-ucan": "^3.4.0",
        "@noble/curves": "^1.2.0",
        "@noble/ed25519": "^1.7.3",
        "@noble/hashes": "^1.3.2",
        "@ucanto/interface": "^10.0.0",
        "multiformats": "^11.0.2",
        "one-webcrypto": "^1.0.3"
      }
    },
    "node_modules/@ucanto/principal/node_modules/multiformats": {
      "version": "11.0.2",
      "resolved": "https://registry.npmjs.org/multiformats/-/multiformats-11.0.2.tgz",
      "integrity": "sha512-b5mYMkOkARIuVZCpvijFj9a6m5wMVLC7cf/jIPd5D/ARDOfLC5+IFkbgDXQgcU2goIsTD/O9NY4DI/Mt4OGvlg==",
      "engines": {
        "node": ">=16.0.0",
        "npm": ">=7.0.0"
      }
    },
    "node_modules/@ucanto/transport": {
      "version": "9.1.1",
      "resolved": "https://registry.npmjs.org/@ucanto/transport/-/transport-9.1.1.tgz",
      "integrity": "sha512-3CR17nEemOVaTuMZa6waWgVL4sLxSPcxYvpaNeJ6NZo1rfsqdyRXOtbVV/RcI2BtUL0Cao6JM6P9+gdghfc5ng==",
      "license": "(Apache-2.0 AND MIT)",
      "dependencies": {
        "@ucanto/core": "^10.0.0",
        "@ucanto/interface": "^10.0.0"
      }
    },
    "node_modules/braces": {
      "version": "3.0.3",
      "resolved": "https://registry.npmjs.org/braces/-/braces-3.0.3.tgz",
      "integrity": "sha512-yQbXgO/OSZVD2IsiLlro+7Hf6Q18EJrKSEsdoMzKePKXct3gvD8oLcOQdIzGupr5Fj+EDe8gO/lxc1BzfMpxvA==",
      "dependencies": {
        "fill-range": "^7.1.1"
      },
      "engines": {
        "node": ">=8"
      }
    },
    "node_modules/cborg": {
      "version": "4.2.3",
      "resolved": "https://registry.npmjs.org/cborg/-/cborg-4.2.3.tgz",
      "integrity": "sha512-XBFbEJ6WMfn9L7woc2t+EzOxF8vGqddoopKBbrhIvZBt2WIUgSlT8xLmM6Aq1xv8eWt4yOSjwxWjYeuHU3CpJA==",
      "bin": {
        "cborg": "lib/bin.js"
      }
    },
    "node_modules/cross-spawn": {
      "version": "7.0.3",
      "resolved": "https://registry.npmjs.org/cross-spawn/-/cross-spawn-7.0.3.tgz",
      "integrity": "sha512-iRDPJKUPVEND7dHPO8rkbOnPpyDygcDFtWjpeWNCgy8WP2rXcxXL8TskReQl6OrB2G7+UJrags1q15Fudc7G6w==",
      "dependencies": {
        "path-key": "^3.1.0",
        "shebang-command": "^2.0.0",
        "which": "^2.0.1"
      },
      "engines": {
        "node": ">= 8"
      }
    },
    "node_modules/dequal": {
      "version": "2.0.3",
      "resolved": "https://registry.npmjs.org/dequal/-/dequal-2.0.3.tgz",
      "integrity": "sha512-0je+qPKHEMohvfRTCEo3CrPG6cAzAYgmzKyxRiYSSDkS6eGJdyVJm7WaYA5ECaAD9wLB2T4EEeymA5aFVcYXCA==",
      "engines": {
        "node": ">=6"
      }
    },
    "node_modules/diff": {
      "version": "5.2.0",
      "resolved": "https://registry.npmjs.org/diff/-/diff-5.2.0.tgz",
      "integrity": "sha512-uIFDxqpRZGZ6ThOk84hEfqWoHx2devRFvpTZcTHur85vImfaxUbTW9Ryh4CpCuDnToOP1CEtXKIgytHBPVff5A==",
      "engines": {
        "node": ">=0.3.1"
      }
    },
    "node_modules/dir-glob": {
      "version": "3.0.1",
      "resolved": "https://registry.npmjs.org/dir-glob/-/dir-glob-3.0.1.tgz",
      "integrity": "sha512-WkrWp9GR4KXfKGYzOLmTuGVi1UWFfws377n9cc55/tb6DuqyF6pcQ5AbiHEshaDpY9v6oaSr2XCDidGmMwdzIA==",
      "dependencies": {
        "path-type": "^4.0.0"
      },
      "engines": {
        "node": ">=8"
      }
    },
    "node_modules/entail": {
      "version": "2.1.2",
      "resolved": "https://registry.npmjs.org/entail/-/entail-2.1.2.tgz",
      "integrity": "sha512-/icW51VHeJo5j6z6/80vO6R7zAdvHDODHYcc2jItrhRvP/zfTlm2b+xcEkp/Vt3UI6R5651Stw0AGpE1Gzkm6Q==",
      "dependencies": {
        "dequal": "^2.0.3",
        "globby": "13.1.4",
        "kleur": "^4.1.5",
        "sade": "1.8.1",
        "uvu": "^0.5.6"
      },
      "bin": {
        "entail": "src/bin.js"
      }
    },
    "node_modules/execa": {
      "version": "9.3.0",
      "resolved": "https://registry.npmjs.org/execa/-/execa-9.3.0.tgz",
      "integrity": "sha512-l6JFbqnHEadBoVAVpN5dl2yCyfX28WoBAGaoQcNmLLSedOxTxcn2Qa83s8I/PA5i56vWru2OHOtrwF7Om2vqlg==",
      "dependencies": {
        "@sindresorhus/merge-streams": "^4.0.0",
        "cross-spawn": "^7.0.3",
        "figures": "^6.1.0",
        "get-stream": "^9.0.0",
        "human-signals": "^7.0.0",
        "is-plain-obj": "^4.1.0",
        "is-stream": "^4.0.1",
        "npm-run-path": "^5.2.0",
        "pretty-ms": "^9.0.0",
        "signal-exit": "^4.1.0",
        "strip-final-newline": "^4.0.0",
        "yoctocolors": "^2.0.0"
      },
      "engines": {
        "node": "^18.19.0 || >=20.5.0"
      },
      "funding": {
        "url": "https://github.com/sindresorhus/execa?sponsor=1"
      }
    },
    "node_modules/fast-glob": {
      "version": "3.3.2",
      "resolved": "https://registry.npmjs.org/fast-glob/-/fast-glob-3.3.2.tgz",
      "integrity": "sha512-oX2ruAFQwf/Orj8m737Y5adxDQO0LAB7/S5MnxCdTNDd4p6BsyIVsv9JQsATbTSq8KHRpLwIHbVlUNatxd+1Ow==",
      "dependencies": {
        "@nodelib/fs.stat": "^2.0.2",
        "@nodelib/fs.walk": "^1.2.3",
        "glob-parent": "^5.1.2",
        "merge2": "^1.3.0",
        "micromatch": "^4.0.4"
      },
      "engines": {
        "node": ">=8.6.0"
      }
    },
    "node_modules/fastq": {
      "version": "1.17.1",
      "resolved": "https://registry.npmjs.org/fastq/-/fastq-1.17.1.tgz",
      "integrity": "sha512-sRVD3lWVIXWg6By68ZN7vho9a1pQcN/WBFaAAsDDFzlJjvoGx0P8z7V1t72grFJfJhu3YPZBuu25f7Kaw2jN1w==",
      "dependencies": {
        "reusify": "^1.0.4"
      }
    },
    "node_modules/figures": {
      "version": "6.1.0",
      "resolved": "https://registry.npmjs.org/figures/-/figures-6.1.0.tgz",
      "integrity": "sha512-d+l3qxjSesT4V7v2fh+QnmFnUWv9lSpjarhShNTgBOfA0ttejbQUAlHLitbjkoRiDulW0OPoQPYIGhIC8ohejg==",
      "dependencies": {
        "is-unicode-supported": "^2.0.0"
      },
      "engines": {
        "node": ">=18"
      },
      "funding": {
        "url": "https://github.com/sponsors/sindresorhus"
      }
    },
    "node_modules/fill-range": {
      "version": "7.1.1",
      "resolved": "https://registry.npmjs.org/fill-range/-/fill-range-7.1.1.tgz",
      "integrity": "sha512-YsGpe3WHLK8ZYi4tWDg2Jy3ebRz2rXowDxnld4bkQB00cc/1Zw9AWnC0i9ztDJitivtQvaI9KaLyKrc+hBW0yg==",
      "dependencies": {
        "to-regex-range": "^5.0.1"
      },
      "engines": {
        "node": ">=8"
      }
    },
    "node_modules/get-stream": {
      "version": "9.0.1",
      "resolved": "https://registry.npmjs.org/get-stream/-/get-stream-9.0.1.tgz",
      "integrity": "sha512-kVCxPF3vQM/N0B1PmoqVUqgHP+EeVjmZSQn+1oCRPxd2P21P2F19lIgbR3HBosbB1PUhOAoctJnfEn2GbN2eZA==",
      "dependencies": {
        "@sec-ant/readable-stream": "^0.4.1",
        "is-stream": "^4.0.1"
      },
      "engines": {
        "node": ">=18"
      },
      "funding": {
        "url": "https://github.com/sponsors/sindresorhus"
      }
    },
    "node_modules/glob-parent": {
      "version": "5.1.2",
      "resolved": "https://registry.npmjs.org/glob-parent/-/glob-parent-5.1.2.tgz",
      "integrity": "sha512-AOIgSQCepiJYwP3ARnGx+5VnTu2HBYdzbGP45eLw1vr3zB3vZLeyed1sC9hnbcOc9/SrMyM5RPQrkGz4aS9Zow==",
      "dependencies": {
        "is-glob": "^4.0.1"
      },
      "engines": {
        "node": ">= 6"
      }
    },
    "node_modules/globby": {
      "version": "13.1.4",
      "resolved": "https://registry.npmjs.org/globby/-/globby-13.1.4.tgz",
      "integrity": "sha512-iui/IiiW+QrJ1X1hKH5qwlMQyv34wJAYwH1vrf8b9kBA4sNiif3gKsMHa+BrdnOpEudWjpotfa7LrTzB1ERS/g==",
      "dependencies": {
        "dir-glob": "^3.0.1",
        "fast-glob": "^3.2.11",
        "ignore": "^5.2.0",
        "merge2": "^1.4.1",
        "slash": "^4.0.0"
      },
      "engines": {
        "node": "^12.20.0 || ^14.13.1 || >=16.0.0"
      },
      "funding": {
        "url": "https://github.com/sponsors/sindresorhus"
      }
    },
    "node_modules/human-signals": {
      "version": "7.0.0",
      "resolved": "https://registry.npmjs.org/human-signals/-/human-signals-7.0.0.tgz",
      "integrity": "sha512-74kytxOUSvNbjrT9KisAbaTZ/eJwD/LrbM/kh5j0IhPuJzwuA19dWvniFGwBzN9rVjg+O/e+F310PjObDXS+9Q==",
      "engines": {
        "node": ">=18.18.0"
      }
    },
    "node_modules/ignore": {
      "version": "5.3.1",
      "resolved": "https://registry.npmjs.org/ignore/-/ignore-5.3.1.tgz",
      "integrity": "sha512-5Fytz/IraMjqpwfd34ke28PTVMjZjJG2MPn5t7OE4eUCUNf8BAa7b5WUS9/Qvr6mwOQS7Mk6vdsMno5he+T8Xw==",
      "engines": {
        "node": ">= 4"
      }
    },
    "node_modules/is-extglob": {
      "version": "2.1.1",
      "resolved": "https://registry.npmjs.org/is-extglob/-/is-extglob-2.1.1.tgz",
      "integrity": "sha512-SbKbANkN603Vi4jEZv49LeVJMn4yGwsbzZworEoyEiutsN3nJYdbO36zfhGJ6QEDpOZIFkDtnq5JRxmvl3jsoQ==",
      "engines": {
        "node": ">=0.10.0"
      }
    },
    "node_modules/is-glob": {
      "version": "4.0.3",
      "resolved": "https://registry.npmjs.org/is-glob/-/is-glob-4.0.3.tgz",
      "integrity": "sha512-xelSayHH36ZgE7ZWhli7pW34hNbNl8Ojv5KVmkJD4hBdD3th8Tfk9vYasLM+mXWOZhFkgZfxhLSnrwRr4elSSg==",
      "dependencies": {
        "is-extglob": "^2.1.1"
      },
      "engines": {
        "node": ">=0.10.0"
      }
    },
    "node_modules/is-number": {
      "version": "7.0.0",
      "resolved": "https://registry.npmjs.org/is-number/-/is-number-7.0.0.tgz",
      "integrity": "sha512-41Cifkg6e8TylSpdtTpeLVMqvSBEVzTttHvERD741+pnZ8ANv0004MRL43QKPDlK9cGvNp6NZWZUBlbGXYxxng==",
      "engines": {
        "node": ">=0.12.0"
      }
    },
    "node_modules/is-plain-obj": {
      "version": "4.1.0",
      "resolved": "https://registry.npmjs.org/is-plain-obj/-/is-plain-obj-4.1.0.tgz",
      "integrity": "sha512-+Pgi+vMuUNkJyExiMBt5IlFoMyKnr5zhJ4Uspz58WOhBF5QoIZkFyNHIbBAtHwzVAgk5RtndVNsDRN61/mmDqg==",
      "engines": {
        "node": ">=12"
      },
      "funding": {
        "url": "https://github.com/sponsors/sindresorhus"
      }
    },
    "node_modules/is-stream": {
      "version": "4.0.1",
      "resolved": "https://registry.npmjs.org/is-stream/-/is-stream-4.0.1.tgz",
      "integrity": "sha512-Dnz92NInDqYckGEUJv689RbRiTSEHCQ7wOVeALbkOz999YpqT46yMRIGtSNl2iCL1waAZSx40+h59NV/EwzV/A==",
      "engines": {
        "node": ">=18"
      },
      "funding": {
        "url": "https://github.com/sponsors/sindresorhus"
      }
    },
    "node_modules/is-unicode-supported": {
      "version": "2.0.0",
      "resolved": "https://registry.npmjs.org/is-unicode-supported/-/is-unicode-supported-2.0.0.tgz",
      "integrity": "sha512-FRdAyx5lusK1iHG0TWpVtk9+1i+GjrzRffhDg4ovQ7mcidMQ6mj+MhKPmvh7Xwyv5gIS06ns49CA7Sqg7lC22Q==",
      "engines": {
        "node": ">=18"
      },
      "funding": {
        "url": "https://github.com/sponsors/sindresorhus"
      }
    },
    "node_modules/isexe": {
      "version": "2.0.0",
      "resolved": "https://registry.npmjs.org/isexe/-/isexe-2.0.0.tgz",
      "integrity": "sha512-RHxMLp9lnKHGHRng9QFhRCMbYAcVpn69smSGcq3f36xjgVVWThj4qqLbTLlq7Ssj8B+fIQ1EuCEGI2lKsyQeIw=="
    },
    "node_modules/kleur": {
      "version": "4.1.5",
      "resolved": "https://registry.npmjs.org/kleur/-/kleur-4.1.5.tgz",
      "integrity": "sha512-o+NO+8WrRiQEE4/7nwRJhN1HWpVmJm511pBHUxPLtp0BUISzlBplORYSmTclCnJvQq2tKu/sgl3xVpkc7ZWuQQ==",
      "engines": {
        "node": ">=6"
      }
    },
    "node_modules/merge2": {
      "version": "1.4.1",
      "resolved": "https://registry.npmjs.org/merge2/-/merge2-1.4.1.tgz",
      "integrity": "sha512-8q7VEgMJW4J8tcfVPy8g09NcQwZdbwFEqhe/WZkoIzjn/3TGDwtOCYtXGxA3O8tPzpczCCDgv+P2P5y00ZJOOg==",
      "engines": {
        "node": ">= 8"
      }
    },
    "node_modules/micromatch": {
      "version": "4.0.7",
      "resolved": "https://registry.npmjs.org/micromatch/-/micromatch-4.0.7.tgz",
      "integrity": "sha512-LPP/3KorzCwBxfeUuZmaR6bG2kdeHSbe0P2tY3FLRU4vYrjYz5hI4QZwV0njUx3jeuKe67YukQ1LSPZBKDqO/Q==",
      "dependencies": {
        "braces": "^3.0.3",
        "picomatch": "^2.3.1"
      },
      "engines": {
        "node": ">=8.6"
      }
    },
    "node_modules/mri": {
      "version": "1.2.0",
      "resolved": "https://registry.npmjs.org/mri/-/mri-1.2.0.tgz",
      "integrity": "sha512-tzzskb3bG8LvYGFF/mDTpq3jpI6Q9wc3LEmBaghu+DdCssd1FakN7Bc0hVNmEyGq1bq3RgfkCb3cmQLpNPOroA==",
      "engines": {
        "node": ">=4"
      }
    },
    "node_modules/multiformats": {
      "version": "13.2.2",
      "resolved": "https://registry.npmjs.org/multiformats/-/multiformats-13.2.2.tgz",
      "integrity": "sha512-RWI+nyf0q64vyOxL8LbKtjJMki0sogRL/8axvklNtiTM0iFCVtHwME9w6+0P1/v4dQvsIg8A45oT3ka1t/M/+A=="
    },
    "node_modules/npm-run-path": {
      "version": "5.3.0",
      "resolved": "https://registry.npmjs.org/npm-run-path/-/npm-run-path-5.3.0.tgz",
      "integrity": "sha512-ppwTtiJZq0O/ai0z7yfudtBpWIoxM8yE6nHi1X47eFR2EWORqfbu6CnPlNsjeN683eT0qG6H/Pyf9fCcvjnnnQ==",
      "dependencies": {
        "path-key": "^4.0.0"
      },
      "engines": {
        "node": "^12.20.0 || ^14.13.1 || >=16.0.0"
      },
      "funding": {
        "url": "https://github.com/sponsors/sindresorhus"
      }
    },
    "node_modules/npm-run-path/node_modules/path-key": {
      "version": "4.0.0",
      "resolved": "https://registry.npmjs.org/path-key/-/path-key-4.0.0.tgz",
      "integrity": "sha512-haREypq7xkM7ErfgIyA0z+Bj4AGKlMSdlQE2jvJo6huWD1EdkKYV+G/T4nq0YEF2vgTT8kqMFKo1uHn950r4SQ==",
      "engines": {
        "node": ">=12"
      },
      "funding": {
        "url": "https://github.com/sponsors/sindresorhus"
      }
    },
    "node_modules/one-webcrypto": {
      "version": "1.0.3",
      "resolved": "https://registry.npmjs.org/one-webcrypto/-/one-webcrypto-1.0.3.tgz",
      "integrity": "sha512-fu9ywBVBPx0gS9K0etIROTiCkvI5S1TDjFsYFb3rC1ewFxeOqsbzq7aIMBHsYfrTHBcGXJaONXXjTl8B01cW1Q=="
    },
    "node_modules/p-defer": {
      "version": "4.0.1",
      "resolved": "https://registry.npmjs.org/p-defer/-/p-defer-4.0.1.tgz",
      "integrity": "sha512-Mr5KC5efvAK5VUptYEIopP1bakB85k2IWXaRC0rsh1uwn1L6M0LVml8OIQ4Gudg4oyZakf7FmeRLkMMtZW1i5A==",
      "engines": {
        "node": ">=12"
      },
      "funding": {
        "url": "https://github.com/sponsors/sindresorhus"
      }
    },
    "node_modules/parse-ms": {
      "version": "4.0.0",
      "resolved": "https://registry.npmjs.org/parse-ms/-/parse-ms-4.0.0.tgz",
      "integrity": "sha512-TXfryirbmq34y8QBwgqCVLi+8oA3oWx2eAnSn62ITyEhEYaWRlVZ2DvMM9eZbMs/RfxPu/PK/aBLyGj4IrqMHw==",
      "engines": {
        "node": ">=18"
      },
      "funding": {
        "url": "https://github.com/sponsors/sindresorhus"
      }
    },
    "node_modules/path-key": {
      "version": "3.1.1",
      "resolved": "https://registry.npmjs.org/path-key/-/path-key-3.1.1.tgz",
      "integrity": "sha512-ojmeN0qd+y0jszEtoY48r0Peq5dwMEkIlCOu6Q5f41lfkswXuKtYrhgoTpLnyIcHm24Uhqx+5Tqm2InSwLhE6Q==",
      "engines": {
        "node": ">=8"
      }
    },
    "node_modules/path-type": {
      "version": "4.0.0",
      "resolved": "https://registry.npmjs.org/path-type/-/path-type-4.0.0.tgz",
      "integrity": "sha512-gDKb8aZMDeD/tZWs9P6+q0J9Mwkdl6xMV8TjnGP3qJVJ06bdMgkbBlLU8IdfOsIsFz2BW1rNVT3XuNEl8zPAvw==",
      "engines": {
        "node": ">=8"
      }
    },
    "node_modules/picomatch": {
      "version": "2.3.1",
      "resolved": "https://registry.npmjs.org/picomatch/-/picomatch-2.3.1.tgz",
      "integrity": "sha512-JU3teHTNjmE2VCGFzuY8EXzCDVwEqB2a8fsIvwaStHhAWJEeVd1o1QD80CU6+ZdEXXSLbSsuLwJjkCBWqRQUVA==",
      "engines": {
        "node": ">=8.6"
      },
      "funding": {
        "url": "https://github.com/sponsors/jonschlinkert"
      }
    },
    "node_modules/pretty-ms": {
      "version": "9.1.0",
      "resolved": "https://registry.npmjs.org/pretty-ms/-/pretty-ms-9.1.0.tgz",
      "integrity": "sha512-o1piW0n3tgKIKCwk2vpM/vOV13zjJzvP37Ioze54YlTHE06m4tjEbzg9WsKkvTuyYln2DHjo5pY4qrZGI0otpw==",
      "dependencies": {
        "parse-ms": "^4.0.0"
      },
      "engines": {
        "node": ">=18"
      },
      "funding": {
        "url": "https://github.com/sponsors/sindresorhus"
      }
    },
    "node_modules/queue-microtask": {
      "version": "1.2.3",
      "resolved": "https://registry.npmjs.org/queue-microtask/-/queue-microtask-1.2.3.tgz",
      "integrity": "sha512-NuaNSa6flKT5JaSYQzJok04JzTL1CA6aGhv5rfLW3PgqA+M2ChpZQnAC8h8i4ZFkBS8X5RqkDBHA7r4hej3K9A==",
      "funding": [
        {
          "type": "github",
          "url": "https://github.com/sponsors/feross"
        },
        {
          "type": "patreon",
          "url": "https://www.patreon.com/feross"
        },
        {
          "type": "consulting",
          "url": "https://feross.org/support"
        }
      ]
    },
    "node_modules/reusify": {
      "version": "1.0.4",
      "resolved": "https://registry.npmjs.org/reusify/-/reusify-1.0.4.tgz",
      "integrity": "sha512-U9nH88a3fc/ekCF1l0/UP1IosiuIjyTh7hBvXVMHYgVcfGvt897Xguj2UOLDeI5BG2m7/uwyaLVT6fbtCwTyzw==",
      "engines": {
        "iojs": ">=1.0.0",
        "node": ">=0.10.0"
      }
    },
    "node_modules/run-parallel": {
      "version": "1.2.0",
      "resolved": "https://registry.npmjs.org/run-parallel/-/run-parallel-1.2.0.tgz",
      "integrity": "sha512-5l4VyZR86LZ/lDxZTR6jqL8AFE2S0IFLMP26AbjsLVADxHdhB/c0GUsH+y39UfCi3dzz8OlQuPmnaJOMoDHQBA==",
      "funding": [
        {
          "type": "github",
          "url": "https://github.com/sponsors/feross"
        },
        {
          "type": "patreon",
          "url": "https://www.patreon.com/feross"
        },
        {
          "type": "consulting",
          "url": "https://feross.org/support"
        }
      ],
      "dependencies": {
        "queue-microtask": "^1.2.2"
      }
    },
    "node_modules/sade": {
      "version": "1.8.1",
      "resolved": "https://registry.npmjs.org/sade/-/sade-1.8.1.tgz",
      "integrity": "sha512-xal3CZX1Xlo/k4ApwCFrHVACi9fBqJ7V+mwhBsuf/1IOKbBy098Fex+Wa/5QMubw09pSZ/u8EY8PWgevJsXp1A==",
      "dependencies": {
        "mri": "^1.1.0"
      },
      "engines": {
        "node": ">=6"
      }
    },
    "node_modules/shebang-command": {
      "version": "2.0.0",
      "resolved": "https://registry.npmjs.org/shebang-command/-/shebang-command-2.0.0.tgz",
      "integrity": "sha512-kHxr2zZpYtdmrN1qDjrrX/Z1rR1kG8Dx+gkpK1G4eXmvXswmcE1hTWBWYUzlraYw1/yZp6YuDY77YtvbN0dmDA==",
      "dependencies": {
        "shebang-regex": "^3.0.0"
      },
      "engines": {
        "node": ">=8"
      }
    },
    "node_modules/shebang-regex": {
      "version": "3.0.0",
      "resolved": "https://registry.npmjs.org/shebang-regex/-/shebang-regex-3.0.0.tgz",
      "integrity": "sha512-7++dFhtcx3353uBaq8DDR4NuxBetBzC7ZQOhmTQInHEd6bSrXdiEyzCvG07Z44UYdLShWUyXt5M/yhz8ekcb1A==",
      "engines": {
        "node": ">=8"
      }
    },
    "node_modules/signal-exit": {
      "version": "4.1.0",
      "resolved": "https://registry.npmjs.org/signal-exit/-/signal-exit-4.1.0.tgz",
      "integrity": "sha512-bzyZ1e88w9O1iNJbKnOlvYTrWPDl46O1bG0D3XInv+9tkPrxrN8jUUTiFlDkkmKWgn1M6CfIA13SuGqOa9Korw==",
      "engines": {
        "node": ">=14"
      },
      "funding": {
        "url": "https://github.com/sponsors/isaacs"
      }
    },
    "node_modules/slash": {
      "version": "4.0.0",
      "resolved": "https://registry.npmjs.org/slash/-/slash-4.0.0.tgz",
      "integrity": "sha512-3dOsAHXXUkQTpOYcoAxLIorMTp4gIQr5IW3iVb7A7lFIp0VHhnynm9izx6TssdrIcVIESAlVjtnO2K8bg+Coew==",
      "engines": {
        "node": ">=12"
      },
      "funding": {
        "url": "https://github.com/sponsors/sindresorhus"
      }
    },
    "node_modules/strip-final-newline": {
      "version": "4.0.0",
      "resolved": "https://registry.npmjs.org/strip-final-newline/-/strip-final-newline-4.0.0.tgz",
      "integrity": "sha512-aulFJcD6YK8V1G7iRB5tigAP4TsHBZZrOV8pjV++zdUwmeV8uzbY7yn6h9MswN62adStNZFuCIx4haBnRuMDaw==",
      "engines": {
        "node": ">=18"
      },
      "funding": {
        "url": "https://github.com/sponsors/sindresorhus"
      }
    },
    "node_modules/to-regex-range": {
      "version": "5.0.1",
      "resolved": "https://registry.npmjs.org/to-regex-range/-/to-regex-range-5.0.1.tgz",
      "integrity": "sha512-65P7iz6X5yEr1cwcgvQxbbIw7Uk3gOy5dIdtZ4rDveLqhrdJP+Li/Hx6tyK0NEb+2GCyneCMJiGqrADCSNk8sQ==",
      "dependencies": {
        "is-number": "^7.0.0"
      },
      "engines": {
        "node": ">=8.0"
      }
    },
    "node_modules/typescript": {
      "version": "5.5.4",
      "resolved": "https://registry.npmjs.org/typescript/-/typescript-5.5.4.tgz",
      "integrity": "sha512-Mtq29sKDAEYP7aljRgtPOpTvOfbwRWlS6dPRzwjdE+C0R4brX/GUyhHSecbHMFLNBLcJIPt9nl9yG5TZ1weH+Q==",
      "dev": true,
      "bin": {
        "tsc": "bin/tsc",
        "tsserver": "bin/tsserver"
      },
      "engines": {
        "node": ">=14.17"
      }
    },
    "node_modules/undici-types": {
      "version": "6.13.0",
      "resolved": "https://registry.npmjs.org/undici-types/-/undici-types-6.13.0.tgz",
      "integrity": "sha512-xtFJHudx8S2DSoujjMd1WeWvn7KKWFRESZTMeL1RptAYERu29D6jphMjjY+vn96jvN3kVPDNxU/E13VTaXj6jg==",
      "dev": true
    },
    "node_modules/uvu": {
      "version": "0.5.6",
      "resolved": "https://registry.npmjs.org/uvu/-/uvu-0.5.6.tgz",
      "integrity": "sha512-+g8ENReyr8YsOc6fv/NVJs2vFdHBnBNdfE49rshrTzDWOlUx4Gq7KOS2GD8eqhy2j+Ejq29+SbKH8yjkAqXqoA==",
      "dependencies": {
        "dequal": "^2.0.0",
        "diff": "^5.0.0",
        "kleur": "^4.0.3",
        "sade": "^1.7.3"
      },
      "bin": {
        "uvu": "bin.js"
      },
      "engines": {
        "node": ">=8"
      }
    },
    "node_modules/varint": {
      "version": "6.0.0",
      "resolved": "https://registry.npmjs.org/varint/-/varint-6.0.0.tgz",
      "integrity": "sha512-cXEIW6cfr15lFv563k4GuVuW/fiwjknytD37jIOLSdSWuOI6WnO/oKwmP2FQTU2l01LP8/M5TSAJpzUaGe3uWg==",
      "license": "MIT"
    },
    "node_modules/which": {
      "version": "2.0.2",
      "resolved": "https://registry.npmjs.org/which/-/which-2.0.2.tgz",
      "integrity": "sha512-BLI3Tl1TW3Pvl70l3yq3Y64i+awpwXqsGBYWkkqMtnbXgrMD+yj7rhW0kuEDxzJaYXGjEW5ogapKNMEKNMjibA==",
      "dependencies": {
        "isexe": "^2.0.0"
      },
      "bin": {
        "node-which": "bin/node-which"
      },
      "engines": {
        "node": ">= 8"
      }
    },
    "node_modules/yoctocolors": {
      "version": "2.1.1",
      "resolved": "https://registry.npmjs.org/yoctocolors/-/yoctocolors-2.1.1.tgz",
      "integrity": "sha512-GQHQqAopRhwU8Kt1DDM8NjibDXHC8eoh1erhGAJPEyveY9qqVeXvVikNKrDz69sHowPMorbPUrH/mx8c50eiBQ==",
      "engines": {
        "node": ">=18"
      },
      "funding": {
        "url": "https://github.com/sponsors/sindresorhus"
      }
    }
  }
}
